{
  "nodes": {
    "nixpkgs": {
      "locked": {
        "lastModified": 1710318316,
        "narHash": "sha256-Qv3jlvehirWElay87c5eCp5uNDWea4i162uefO60Dq0=",
        "owner": "NixOS",
        "repo": "nixpkgs",
        "rev": "eb4f8bd5bb4fba814205693346bf5aaf9d17dfb0",
        "type": "github"
      },
      "original": {
        "owner": "NixOS",
        "repo": "nixpkgs",
        "type": "github"
      }
    },
    "root": {
      "inputs": {
        "nixpkgs": "nixpkgs"
      }
    }
  },
  "root": "root",
  "version": 7
}
